{
  "name": "TestUnityNodeJS",
  "lockfileVersion": 2,
  "requires": true,
  "packages": {
    "": {
      "dependencies": {
        "date-and-time": "^2.3.1"
      }
    },
    "node_modules/date-and-time": {
      "version": "2.3.1",
      "resolved": "https://registry.npmjs.org/date-and-time/-/date-and-time-2.3.1.tgz",
      "integrity": "sha512-OaIRmSJXifwEN21rMVVDs0Kz8uhJ3wWPYd86atkRiqN54liaMQYEbbrgjZQea75YXOBWL4ZFb3rG/waenw1TEg=="
    }
  },
  "dependencies": {
    "date-and-time": {
      "version": "2.3.1",
      "resolved": "https://registry.npmjs.org/date-and-time/-/date-and-time-2.3.1.tgz",
      "integrity": "sha512-OaIRmSJXifwEN21rMVVDs0Kz8uhJ3wWPYd86atkRiqN54liaMQYEbbrgjZQea75YXOBWL4ZFb3rG/waenw1TEg=="
    }
  }
}
